// !$*UTF8*$!
{
	archiveVersion = 1;
	classes = {
	};
	objectVersion = 46;
	objects = {

/* Begin PBXBuildFile section */
		887228701C5013C6002BA48C /* AppDelegate.swift in Sources */ = {isa = PBXBuildFile; fileRef = 8872286F1C5013C6002BA48C /* AppDelegate.swift */; };
		887228721C5013C6002BA48C /* ViewController.swift in Sources */ = {isa = PBXBuildFile; fileRef = 887228711C5013C6002BA48C /* ViewController.swift */; };
		887228751C5013C6002BA48C /* Main.storyboard in Resources */ = {isa = PBXBuildFile; fileRef = 887228731C5013C6002BA48C /* Main.storyboard */; };
		887228771C5013C6002BA48C /* Assets.xcassets in Resources */ = {isa = PBXBuildFile; fileRef = 887228761C5013C6002BA48C /* Assets.xcassets */; };
		8872287A1C5013C6002BA48C /* LaunchScreen.storyboard in Resources */ = {isa = PBXBuildFile; fileRef = 887228781C5013C6002BA48C /* LaunchScreen.storyboard */; };
/* End PBXBuildFile section */

/* Begin PBXFileReference section */
		8872286C1C5013C6002BA48C /* Exercise-StackViews.app */ = {isa = PBXFileReference; explicitFileType = wrapper.application; includeInIndex = 0; path = "Exercise-StackViews.app"; sourceTree = BUILT_PRODUCTS_DIR; };
		8872286F1C5013C6002BA48C /* AppDelegate.swift */ = {isa = PBXFileReference; lastKnownFileType = sourcecode.swift; path = AppDelegate.swift; sourceTree = "<group>"; };
		887228711C5013C6002BA48C /* ViewController.swift */ = {isa = PBXFileReference; lastKnownFileType = sourcecode.swift; path = ViewController.swift; sourceTree = "<group>"; };
		887228741C5013C6002BA48C /* Base */ = {isa = PBXFileReference; lastKnownFileType = file.storyboard; name = Base; path = Base.lproj/Main.storyboard; sourceTree = "<group>"; };
		887228761C5013C6002BA48C /* Assets.xcassets */ = {isa = PBXFileReference; lastKnownFileType = folder.assetcatalog; path = Assets.xcassets; sourceTree = "<group>"; };
		887228791C5013C6002BA48C /* Base */ = {isa = PBXFileReference; lastKnownFileType = file.storyboard; name = Base; path = Base.lproj/LaunchScreen.storyboard; sourceTree = "<group>"; };
		8872287B1C5013C6002BA48C /* Info.plist */ = {isa = PBXFileReference; lastKnownFileType = text.plist.xml; path = Info.plist; sourceTree = "<group>"; };
/* End PBXFileReference section */

/* Begin PBXFrameworksBuildPhase section */
		887228691C5013C6002BA48C /* Frameworks */ = {
			isa = PBXFrameworksBuildPhase;
			buildActionMask = 2147483647;
			files = (
			);
			runOnlyForDeploymentPostprocessing = 0;
		};
/* End PBXFrameworksBuildPhase section */

/* Begin PBXGroup section */
		887228631C5013C6002BA48C = {
			isa = PBXGroup;
			children = (
				8872286E1C5013C6002BA48C /* Exercise-StackViews */,
				8872286D1C5013C6002BA48C /* Products */,
			);
			sourceTree = "<group>";
		};
		8872286D1C5013C6002BA48C /* Products */ = {
			isa = PBXGroup;
			children = (
				8872286C1C5013C6002BA48C /* Exercise-StackViews.app */,
			);
			name = Products;
			sourceTree = "<group>";
		};
		8872286E1C5013C6002BA48C /* Exercise-StackViews */ = {
			isa = PBXGroup;
			children = (
				8872286F1C5013C6002BA48C /* AppDelegate.swift */,
				887228711C5013C6002BA48C /* ViewController.swift */,
				887228731C5013C6002BA48C /* Main.storyboard */,
				887228761C5013C6002BA48C /* Assets.xcassets */,
				887228781C5013C6002BA48C /* LaunchScreen.storyboard */,
				8872287B1C5013C6002BA48C /* Info.plist */,
			);
			path = "Exercise-StackViews";
			sourceTree = "<group>";
		};
/* End PBXGroup section */

/* Begin PBXNativeTarget section */
		8872286B1C5013C6002BA48C /* Exercise-StackViews */ = {
			isa = PBXNativeTarget;
			buildConfigurationList = 8872287E1C5013C6002BA48C /* Build configuration list for PBXNativeTarget "Exercise-StackViews" */;
			buildPhases = (
				887228681C5013C6002BA48C /* Sources */,
				887228691C5013C6002BA48C /* Frameworks */,
				8872286A1C5013C6002BA48C /* Resources */,
			);
			buildRules = (
			);
			dependencies = (
			);
			name = "Exercise-StackViews";
			productName = "Exercise-StackViews";
			productReference = 8872286C1C5013C6002BA48C /* Exercise-StackViews.app */;
			productType = "com.apple.product-type.application";
		};
/* End PBXNativeTarget section */

/* Begin PBXProject section */
		887228641C5013C6002BA48C /* Project object */ = {
			isa = PBXProject;
			attributes = {
				LastSwiftUpdateCheck = 0720;
				LastUpgradeCheck = 0720;
				ORGANIZATIONNAME = "Project Omicron";
				TargetAttributes = {
					8872286B1C5013C6002BA48C = {
						CreatedOnToolsVersion = 7.2;
						DevelopmentTeam = ZVS8K2A3JV;
					};
				};
			};
			buildConfigurationList = 887228671C5013C6002BA48C /* Build configuration list for PBXProject "Exercise-StackViews" */;
			compatibilityVersion = "Xcode 3.2";
			developmentRegion = English;
			hasScannedForEncodings = 0;
			knownRegions = (
				en,
				Base,
			);
			mainGroup = 887228631C5013C6002BA48C;
			productRefGroup = 8872286D1C5013C6002BA48C /* Products */;
			projectDirPath = "";
			projectRoot = "";
			targets = (
				8872286B1C5013C6002BA48C /* Exercise-StackViews */,
			);
		};
/* End PBXProject section */

/* Begin PBXResourcesBuildPhase section */
		8872286A1C5013C6002BA48C /* Resources */ = {
			isa = PBXResourcesBuildPhase;
			buildActionMask = 2147483647;
			files = (
				8872287A1C5013C6002BA48C /* LaunchScreen.storyboard in Resources */,
				887228771C5013C6002BA48C /* Assets.xcassets in Resources */,
				887228751C5013C6002BA48C /* Main.storyboard in Resources */,
			);
			runOnlyForDeploymentPostprocessing = 0;
		};
/* End PBXResourcesBuildPhase section */

/* Begin PBXSourcesBuildPhase section */
		887228681C5013C6002BA48C /* Sources */ = {
			isa = PBXSourcesBuildPhase;
			buildActionMask = 2147483647;
			files = (
				887228721C5013C6002BA48C /* ViewController.swift in Sources */,
				887228701C5013C6002BA48C /* AppDelegate.swift in Sources */,
			);
			runOnlyForDeploymentPostprocessing = 0;
		};
/* End PBXSourcesBuildPhase section */

/* Begin PBXVariantGroup section */
		887228731C5013C6002BA48C /* Main.storyboard */ = {
			isa = PBXVariantGroup;
			children = (
				887228741C5013C6002BA48C /* Base */,
			);
			name = Main.storyboard;
			sourceTree = "<group>";
		};
		887228781C5013C6002BA48C /* LaunchScreen.storyboard */ = {
			isa = PBXVariantGroup;
			children = (
				887228791C5013C6002BA48C /* Base */,
			);
			name = LaunchScreen.storyboard;
			sourceTree = "<group>";
		};
/* End PBXVariantGroup section */

/* Begin XCBuildConfiguration section */
		8872287C1C5013C6002BA48C /* Debug */ = {
			isa = XCBuildConfiguration;
			buildSettings = {
				ALWAYS_SEARCH_USER_PATHS = NO;
				CLANG_CXX_LANGUAGE_STANDARD = "gnu++0x";
				CLANG_CXX_LIBRARY = "libc++";
				CLANG_ENABLE_MODULES = YES;
				CLANG_ENABLE_OBJC_ARC = YES;
				CLANG_WARN_BOOL_CONVERSION = YES;
				CLANG_WARN_CONSTANT_CONVERSION = YES;
				CLANG_WARN_DIRECT_OBJC_ISA_USAGE = YES_ERROR;
				CLANG_WARN_EMPTY_BODY = YES;
				CLANG_WARN_ENUM_CONVERSION = YES;
				CLANG_WARN_INT_CONVERSION = YES;
				CLANG_WARN_OBJC_ROOT_CLASS = YES_ERROR;
				CLANG_WARN_UNREACHABLE_CODE = YES;
				CLANG_WARN__DUPLICATE_METHOD_MATCH = YES;
				"CODE_SIGN_IDENTITY[sdk=iphoneos*]" = "iPhone Developer";
				COPY_PHASE_STRIP = NO;
				DEBUG_INFORMATION_FORMAT = dwarf;
				ENABLE_STRICT_OBJC_MSGSEND = YES;
				ENABLE_TESTABILITY = YES;
				GCC_C_LANGUAGE_STANDARD = gnu99;
				GCC_DYNAMIC_NO_PIC = NO;
				GCC_NO_COMMON_BLOCKS = YES;
				GCC_OPTIMIZATION_LEVEL = 0;
				GCC_PREPROCESSOR_DEFINITIONS = (
					"DEBUG=1",
					"$(inherited)",
				);
				GCC_WARN_64_TO_32_BIT_CONVERSION = YES;
				GCC_WARN_ABOUT_RETURN_TYPE = YES_ERROR;
				GCC_WARN_UNDECLARED_SELECTOR = YES;
				GCC_WARN_UNINITIALIZED_AUTOS = YES_AGGRESSIVE;
				GCC_WARN_UNUSED_FUNCTION = YES;
				GCC_WARN_UNUSED_VARIABLE = YES;
				IPHONEOS_DEPLOYMENT_TARGET = 9.2;
				MTL_ENABLE_DEBUG_INFO = YES;
				ONLY_ACTIVE_ARCH = YES;
				SDKROOT = iphoneos;
				SWIFT_OPTIMIZATION_LEVEL = "-Onone";
			};
			name = Debug;
		};
		8872287D1C5013C6002BA48C /* Release */ = {
			isa = XCBuildConfiguration;
			buildSettings = {
				ALWAYS_SEARCH_USER_PATHS = NO;
				CLANG_CXX_LANGUAGE_STANDARD = "gnu++0x";
				CLANG_CXX_LIBRARY = "libc++";
				CLANG_ENABLE_MODULES = YES;
				CLANG_ENABLE_OBJC_ARC = YES;
				CLANG_WARN_BOOL_CONVERSION = YES;
				CLANG_WARN_CONSTANT_CONVERSION = YES;
				CLANG_WARN_DIRECT_OBJC_ISA_USAGE = YES_ERROR;
				CLANG_WARN_EMPTY_BODY = YES;
				CLANG_WARN_ENUM_CONVERSION = YES;
				CLANG_WARN_INT_CONVERSION = YES;
				CLANG_WARN_OBJC_ROOT_CLASS = YES_ERROR;
				CLANG_WARN_UNREACHABLE_CODE = YES;
				CLANG_WARN__DUPLICATE_METHOD_MATCH = YES;
				"CODE_SIGN_IDENTITY[sdk=iphoneos*]" = "iPhone Developer";
				COPY_PHASE_STRIP = NO;
				DEBUG_INFORMATION_FORMAT = "dwarf-with-dsym";
				ENABLE_NS_ASSERTIONS = NO;
				ENABLE_STRICT_OBJC_MSGSEND = YES;
				GCC_C_LANGUAGE_STANDARD = gnu99;
				GCC_NO_COMMON_BLOCKS = YES;
				GCC_WARN_64_TO_32_BIT_CONVERSION = YES;
				GCC_WARN_ABOUT_RETURN_TYPE = YES_ERROR;
				GCC_WARN_UNDECLARED_SELECTOR = YES;
				GCC_WARN_UNINITIALIZED_AUTOS = YES_AGGRESSIVE;
				GCC_WARN_UNUSED_FUNCTION = YES;
				GCC_WARN_UNUSED_VARIABLE = YES;
				IPHONEOS_DEPLOYMENT_TARGET = 9.2;
				MTL_ENABLE_DEBUG_INFO = NO;
				SDKROOT = iphoneos;
				VALIDATE_PRODUCT = YES;
			};
			name = Release;
		};
		8872287F1C5013C6002BA48C /* Debug */ = {
			isa = XCBuildConfiguration;
			buildSettings = {
				ASSETCATALOG_COMPILER_APPICON_NAME = AppIcon;
				INFOPLIST_FILE = "Exercise-StackViews/Info.plist";
				LD_RUNPATH_SEARCH_PATHS = "$(inherited) @executable_path/Frameworks";
				PRODUCT_BUNDLE_IDENTIFIER = "com.projectomicron.Exercise-StackViews";
				PRODUCT_NAME = "$(TARGET_NAME)";
			};
			name = Debug;
		};
		887228801C5013C6002BA48C /* Release */ = {
			isa = XCBuildConfiguration;
			buildSettings = {
				ASSETCATALOG_COMPILER_APPICON_NAME = AppIcon;
				INFOPLIST_FILE = "Exercise-StackViews/Info.plist";
				LD_RUNPATH_SEARCH_PATHS = "$(inherited) @executable_path/Frameworks";
				PRODUCT_BUNDLE_IDENTIFIER = "com.projectomicron.Exercise-StackViews";
				PRODUCT_NAME = "$(TARGET_NAME)";
			};
			name = Release;
		};
/* End XCBuildConfiguration section */

/* Begin XCConfigurationList section */
		887228671C5013C6002BA48C /* Build configuration list for PBXProject "Exercise-StackViews" */ = {
			isa = XCConfigurationList;
			buildConfigurations = (
				8872287C1C5013C6002BA48C /* Debug */,
				8872287D1C5013C6002BA48C /* Release */,
			);
			defaultConfigurationIsVisible = 0;
			defaultConfigurationName = Release;
		};
		8872287E1C5013C6002BA48C /* Build configuration list for PBXNativeTarget "Exercise-StackViews" */ = {
			isa = XCConfigurationList;
			buildConfigurations = (
				8872287F1C5013C6002BA48C /* Debug */,
				887228801C5013C6002BA48C /* Release */,
			);
			defaultConfigurationIsVisible = 0;
		};
/* End XCConfigurationList section */
	};
	rootObject = 887228641C5013C6002BA48C /* Project object */;
}
